
Microsoft Visual Studio Solution File, Format Version 12.00
# Visual Studio Version 16
VisualStudioVersion = 16.0.31729.503
MinimumVisualStudioVersion = 10.0.40219.1
Project("{FAE04EC0-301F-11D3-BF4B-00C04F79EFBC}") = "Buoi5_QLTour", "Buoi5_QLTour\Buoi5_QLTour.csproj", "{91077D21-9245-4575-B7AB-FA7B9224C3D8}"
EndProject
Global
	GlobalSection(SolutionConfigurationPlatforms) = preSolution
		Debug|Any CPU = Debug|Any CPU
		Release|Any CPU = Release|Any CPU
	EndGlobalSection
	GlobalSection(ProjectConfigurationPlatforms) = postSolution
		{91077D21-9245-4575-B7AB-FA7B9224C3D8}.Debug|Any CPU.ActiveCfg = Debug|Any CPU
		{91077D21-9245-4575-B7AB-FA7B9224C3D8}.Debug|Any CPU.Build.0 = Debug|Any CPU
		{91077D21-9245-4575-B7AB-FA7B9224C3D8}.Release|Any CPU.ActiveCfg = Release|Any CPU
		{91077D21-9245-4575-B7AB-FA7B9224C3D8}.Release|Any CPU.Build.0 = Release|Any CPU
	EndGlobalSection
	GlobalSection(SolutionProperties) = preSolution
		HideSolutionNode = FALSE
	EndGlobalSection
	GlobalSection(ExtensibilityGlobals) = postSolution
		SolutionGuid = {4D267D9E-B336-4E46-B513-B6E0ECFD4E12}
	EndGlobalSection
EndGlobal
